// !$*UTF8*$!
{
	archiveVersion = 1;
	classes = {
	};
	objectVersion = 48;
	objects = {

/* Begin PBXBuildFile section */
		3F1C17B02080111000FD3BDD /* AppUtility.swift in Sources */ = {isa = PBXBuildFile; fileRef = 3F1C17AF2080111000FD3BDD /* AppUtility.swift */; };
		3F1C17B3208014B300FD3BDD /* MainMenuVCViewController.swift in Sources */ = {isa = PBXBuildFile; fileRef = 3F1C17B2208014B300FD3BDD /* MainMenuVCViewController.swift */; };
		3F4D505F207C193000E28253 /* AppDelegate.swift in Sources */ = {isa = PBXBuildFile; fileRef = 3F4D505E207C193000E28253 /* AppDelegate.swift */; };
		3F4D5061207C193000E28253 /* GameScene.sks in Resources */ = {isa = PBXBuildFile; fileRef = 3F4D5060207C193000E28253 /* GameScene.sks */; };
		3F4D5063207C193000E28253 /* Actions.sks in Resources */ = {isa = PBXBuildFile; fileRef = 3F4D5062207C193000E28253 /* Actions.sks */; };
		3F4D5065207C193000E28253 /* GameScene.swift in Sources */ = {isa = PBXBuildFile; fileRef = 3F4D5064207C193000E28253 /* GameScene.swift */; };
		3F4D5067207C193000E28253 /* GameViewController.swift in Sources */ = {isa = PBXBuildFile; fileRef = 3F4D5066207C193000E28253 /* GameViewController.swift */; };
		3F4D506A207C193000E28253 /* Main.storyboard in Resources */ = {isa = PBXBuildFile; fileRef = 3F4D5068207C193000E28253 /* Main.storyboard */; };
		3F4D506C207C193000E28253 /* Assets.xcassets in Resources */ = {isa = PBXBuildFile; fileRef = 3F4D506B207C193000E28253 /* Assets.xcassets */; };
		3F4D506F207C193000E28253 /* LaunchScreen.storyboard in Resources */ = {isa = PBXBuildFile; fileRef = 3F4D506D207C193000E28253 /* LaunchScreen.storyboard */; };
		3FEC393B209A889B007F4982 /* TankObject.swift in Sources */ = {isa = PBXBuildFile; fileRef = 3FEC393A209A889B007F4982 /* TankObject.swift */; };
		3FEC393D209A9AA0007F4982 /* TankManager.swift in Sources */ = {isa = PBXBuildFile; fileRef = 3FEC393C209A9AA0007F4982 /* TankManager.swift */; };
		77B4DCF7209AC5D400E4E74C /* Player.swift in Sources */ = {isa = PBXBuildFile; fileRef = 77B4DCF6209AC5D400E4E74C /* Player.swift */; };
		77B4DCF9209AC73D00E4E74C /* PlayerModel.swift in Sources */ = {isa = PBXBuildFile; fileRef = 77B4DCF8209AC73D00E4E74C /* PlayerModel.swift */; };
		8A7C4CF274A7676AEC91C305 /* Pods_uTanks.framework in Frameworks */ = {isa = PBXBuildFile; fileRef = F26AB90476AA7FD937F3B973 /* Pods_uTanks.framework */; };
/* End PBXBuildFile section */

/* Begin PBXFileReference section */
		3F1C17AF2080111000FD3BDD /* AppUtility.swift */ = {isa = PBXFileReference; lastKnownFileType = sourcecode.swift; path = AppUtility.swift; sourceTree = "<group>"; };
		3F1C17B2208014B300FD3BDD /* MainMenuVCViewController.swift */ = {isa = PBXFileReference; lastKnownFileType = sourcecode.swift; path = MainMenuVCViewController.swift; sourceTree = "<group>"; };
		3F4D505B207C193000E28253 /* uTanks.app */ = {isa = PBXFileReference; explicitFileType = wrapper.application; includeInIndex = 0; path = uTanks.app; sourceTree = BUILT_PRODUCTS_DIR; };
		3F4D505E207C193000E28253 /* AppDelegate.swift */ = {isa = PBXFileReference; lastKnownFileType = sourcecode.swift; path = AppDelegate.swift; sourceTree = "<group>"; };
		3F4D5060207C193000E28253 /* GameScene.sks */ = {isa = PBXFileReference; lastKnownFileType = file.sks; path = GameScene.sks; sourceTree = "<group>"; };
		3F4D5062207C193000E28253 /* Actions.sks */ = {isa = PBXFileReference; lastKnownFileType = file.sks; path = Actions.sks; sourceTree = "<group>"; };
		3F4D5064207C193000E28253 /* GameScene.swift */ = {isa = PBXFileReference; lastKnownFileType = sourcecode.swift; path = GameScene.swift; sourceTree = "<group>"; };
		3F4D5066207C193000E28253 /* GameViewController.swift */ = {isa = PBXFileReference; lastKnownFileType = sourcecode.swift; path = GameViewController.swift; sourceTree = "<group>"; };
		3F4D5069207C193000E28253 /* Base */ = {isa = PBXFileReference; lastKnownFileType = file.storyboard; name = Base; path = Base.lproj/Main.storyboard; sourceTree = "<group>"; };
		3F4D506B207C193000E28253 /* Assets.xcassets */ = {isa = PBXFileReference; lastKnownFileType = folder.assetcatalog; path = Assets.xcassets; sourceTree = "<group>"; };
		3F4D506E207C193000E28253 /* Base */ = {isa = PBXFileReference; lastKnownFileType = file.storyboard; name = Base; path = Base.lproj/LaunchScreen.storyboard; sourceTree = "<group>"; };
		3F4D5070207C193000E28253 /* Info.plist */ = {isa = PBXFileReference; lastKnownFileType = text.plist.xml; path = Info.plist; sourceTree = "<group>"; };
		3FEC393A209A889B007F4982 /* TankObject.swift */ = {isa = PBXFileReference; lastKnownFileType = sourcecode.swift; path = TankObject.swift; sourceTree = "<group>"; };
		3FEC393C209A9AA0007F4982 /* TankManager.swift */ = {isa = PBXFileReference; lastKnownFileType = sourcecode.swift; path = TankManager.swift; sourceTree = "<group>"; };
		66A0055AC10CDC22E5BADC3E /* Pods-uTanks.release.xcconfig */ = {isa = PBXFileReference; includeInIndex = 1; lastKnownFileType = text.xcconfig; name = "Pods-uTanks.release.xcconfig"; path = "Pods/Target Support Files/Pods-uTanks/Pods-uTanks.release.xcconfig"; sourceTree = "<group>"; };
		77B4DCF6209AC5D400E4E74C /* Player.swift */ = {isa = PBXFileReference; lastKnownFileType = sourcecode.swift; path = Player.swift; sourceTree = "<group>"; };
		77B4DCF8209AC73D00E4E74C /* PlayerModel.swift */ = {isa = PBXFileReference; lastKnownFileType = sourcecode.swift; path = PlayerModel.swift; sourceTree = "<group>"; };
		D34240B25504AA3EC82459CA /* Pods-uTanks.debug.xcconfig */ = {isa = PBXFileReference; includeInIndex = 1; lastKnownFileType = text.xcconfig; name = "Pods-uTanks.debug.xcconfig"; path = "Pods/Target Support Files/Pods-uTanks/Pods-uTanks.debug.xcconfig"; sourceTree = "<group>"; };
		F26AB90476AA7FD937F3B973 /* Pods_uTanks.framework */ = {isa = PBXFileReference; explicitFileType = wrapper.framework; includeInIndex = 0; path = Pods_uTanks.framework; sourceTree = BUILT_PRODUCTS_DIR; };
/* End PBXFileReference section */

/* Begin PBXFrameworksBuildPhase section */
		3F4D5058207C192F00E28253 /* Frameworks */ = {
			isa = PBXFrameworksBuildPhase;
			buildActionMask = 2147483647;
			files = (
				8A7C4CF274A7676AEC91C305 /* Pods_uTanks.framework in Frameworks */,
			);
			runOnlyForDeploymentPostprocessing = 0;
		};
/* End PBXFrameworksBuildPhase section */

/* Begin PBXGroup section */
		3F1C17B12080142800FD3BDD /* Utilities */ = {
			isa = PBXGroup;
			children = (
				3F1C17AF2080111000FD3BDD /* AppUtility.swift */,
			);
			path = Utilities;
			sourceTree = "<group>";
		};
		3F4D5052207C192F00E28253 = {
			isa = PBXGroup;
			children = (
				3F4D505D207C193000E28253 /* uTanks */,
				3F4D505C207C193000E28253 /* Products */,
				D567EC08F1F8E60D46E34F5F /* Pods */,
				EEA891ED53E9D410B1678783 /* Frameworks */,
			);
			sourceTree = "<group>";
		};
		3F4D505C207C193000E28253 /* Products */ = {
			isa = PBXGroup;
			children = (
				3F4D505B207C193000E28253 /* uTanks.app */,
			);
			name = Products;
			sourceTree = "<group>";
		};
		3F4D505D207C193000E28253 /* uTanks */ = {
			isa = PBXGroup;
			children = (
				3F4D505E207C193000E28253 /* AppDelegate.swift */,
				3F4D5060207C193000E28253 /* GameScene.sks */,
				3F4D5062207C193000E28253 /* Actions.sks */,
				3F4D5064207C193000E28253 /* GameScene.swift */,
				3F4D5066207C193000E28253 /* GameViewController.swift */,
				3F4D5068207C193000E28253 /* Main.storyboard */,
				3F4D506B207C193000E28253 /* Assets.xcassets */,
				3F4D506D207C193000E28253 /* LaunchScreen.storyboard */,
				3F4D5070207C193000E28253 /* Info.plist */,
				3F1C17B12080142800FD3BDD /* Utilities */,
				3F1C17B2208014B300FD3BDD /* MainMenuVCViewController.swift */,
				3FEC393A209A889B007F4982 /* TankObject.swift */,
				3FEC393C209A9AA0007F4982 /* TankManager.swift */,
				77B4DCF6209AC5D400E4E74C /* Player.swift */,
				77B4DCF8209AC73D00E4E74C /* PlayerModel.swift */,
			);
			path = uTanks;
			sourceTree = "<group>";
		};
		D567EC08F1F8E60D46E34F5F /* Pods */ = {
			isa = PBXGroup;
			children = (
				D34240B25504AA3EC82459CA /* Pods-uTanks.debug.xcconfig */,
				66A0055AC10CDC22E5BADC3E /* Pods-uTanks.release.xcconfig */,
			);
			name = Pods;
			sourceTree = "<group>";
		};
		EEA891ED53E9D410B1678783 /* Frameworks */ = {
			isa = PBXGroup;
			children = (
				F26AB90476AA7FD937F3B973 /* Pods_uTanks.framework */,
			);
			name = Frameworks;
			sourceTree = "<group>";
		};
/* End PBXGroup section */

/* Begin PBXNativeTarget section */
		3F4D505A207C192F00E28253 /* uTanks */ = {
			isa = PBXNativeTarget;
			buildConfigurationList = 3F4D5073207C193000E28253 /* Build configuration list for PBXNativeTarget "uTanks" */;
			buildPhases = (
				31383F39717C862B4C949150 /* [CP] Check Pods Manifest.lock */,
				3F4D5057207C192F00E28253 /* Sources */,
				3F4D5058207C192F00E28253 /* Frameworks */,
				3F4D5059207C192F00E28253 /* Resources */,
				32918DFD7EE3DDFC1948D866 /* [CP] Embed Pods Frameworks */,
			);
			buildRules = (
			);
			dependencies = (
			);
			name = uTanks;
			productName = uTanks;
			productReference = 3F4D505B207C193000E28253 /* uTanks.app */;
			productType = "com.apple.product-type.application";
		};
/* End PBXNativeTarget section */

/* Begin PBXProject section */
		3F4D5053207C192F00E28253 /* Project object */ = {
			isa = PBXProject;
			attributes = {
				LastSwiftUpdateCheck = 0920;
				LastUpgradeCheck = 0920;
				ORGANIZATIONNAME = Student;
				TargetAttributes = {
					3F4D505A207C192F00E28253 = {
						CreatedOnToolsVersion = 9.2;
						ProvisioningStyle = Automatic;
					};
				};
			};
			buildConfigurationList = 3F4D5056207C192F00E28253 /* Build configuration list for PBXProject "uTanks" */;
			compatibilityVersion = "Xcode 8.0";
			developmentRegion = en;
			hasScannedForEncodings = 0;
			knownRegions = (
				en,
				Base,
			);
			mainGroup = 3F4D5052207C192F00E28253;
			productRefGroup = 3F4D505C207C193000E28253 /* Products */;
			projectDirPath = "";
			projectRoot = "";
			targets = (
				3F4D505A207C192F00E28253 /* uTanks */,
			);
		};
/* End PBXProject section */

/* Begin PBXResourcesBuildPhase section */
		3F4D5059207C192F00E28253 /* Resources */ = {
			isa = PBXResourcesBuildPhase;
			buildActionMask = 2147483647;
			files = (
				3F4D506A207C193000E28253 /* Main.storyboard in Resources */,
				3F4D5061207C193000E28253 /* GameScene.sks in Resources */,
				3F4D506C207C193000E28253 /* Assets.xcassets in Resources */,
				3F4D506F207C193000E28253 /* LaunchScreen.storyboard in Resources */,
				3F4D5063207C193000E28253 /* Actions.sks in Resources */,
			);
			runOnlyForDeploymentPostprocessing = 0;
		};
/* End PBXResourcesBuildPhase section */

/* Begin PBXShellScriptBuildPhase section */
		31383F39717C862B4C949150 /* [CP] Check Pods Manifest.lock */ = {
			isa = PBXShellScriptBuildPhase;
			buildActionMask = 2147483647;
			files = (
			);
			inputPaths = (
				"${PODS_PODFILE_DIR_PATH}/Podfile.lock",
				"${PODS_ROOT}/Manifest.lock",
			);
			name = "[CP] Check Pods Manifest.lock";
			outputPaths = (
				"$(DERIVED_FILE_DIR)/Pods-uTanks-checkManifestLockResult.txt",
			);
			runOnlyForDeploymentPostprocessing = 0;
			shellPath = /bin/sh;
			shellScript = "diff \"${PODS_PODFILE_DIR_PATH}/Podfile.lock\" \"${PODS_ROOT}/Manifest.lock\" > /dev/null\nif [ $? != 0 ] ; then\n    # print error to STDERR\n    echo \"error: The sandbox is not in sync with the Podfile.lock. Run 'pod install' or update your CocoaPods installation.\" >&2\n    exit 1\nfi\n# This output is used by Xcode 'outputs' to avoid re-running this script phase.\necho \"SUCCESS\" > \"${SCRIPT_OUTPUT_FILE_0}\"\n";
			showEnvVarsInLog = 0;
		};
		32918DFD7EE3DDFC1948D866 /* [CP] Embed Pods Frameworks */ = {
			isa = PBXShellScriptBuildPhase;
			buildActionMask = 2147483647;
			files = (
			);
			inputPaths = (
				"${SRCROOT}/Pods/Target Support Files/Pods-uTanks/Pods-uTanks-frameworks.sh",
				"${BUILT_PRODUCTS_DIR}/Socket.IO-Client-Swift/SocketIO.framework",
				"${BUILT_PRODUCTS_DIR}/Starscream/Starscream.framework",
			);
			name = "[CP] Embed Pods Frameworks";
			outputPaths = (
				"${TARGET_BUILD_DIR}/${FRAMEWORKS_FOLDER_PATH}/SocketIO.framework",
				"${TARGET_BUILD_DIR}/${FRAMEWORKS_FOLDER_PATH}/Starscream.framework",
			);
			runOnlyForDeploymentPostprocessing = 0;
			shellPath = /bin/sh;
			shellScript = "\"${SRCROOT}/Pods/Target Support Files/Pods-uTanks/Pods-uTanks-frameworks.sh\"\n";
			showEnvVarsInLog = 0;
		};
/* End PBXShellScriptBuildPhase section */

/* Begin PBXSourcesBuildPhase section */
		3F4D5057207C192F00E28253 /* Sources */ = {
			isa = PBXSourcesBuildPhase;
			buildActionMask = 2147483647;
			files = (
				3FEC393B209A889B007F4982 /* TankObject.swift in Sources */,
				3F1C17B02080111000FD3BDD /* AppUtility.swift in Sources */,
				3F1C17B3208014B300FD3BDD /* MainMenuVCViewController.swift in Sources */,
				77B4DCF9209AC73D00E4E74C /* PlayerModel.swift in Sources */,
				3F4D5065207C193000E28253 /* GameScene.swift in Sources */,
				77B4DCF7209AC5D400E4E74C /* Player.swift in Sources */,
				3F4D5067207C193000E28253 /* GameViewController.swift in Sources */,
				3FEC393D209A9AA0007F4982 /* TankManager.swift in Sources */,
				3F4D505F207C193000E28253 /* AppDelegate.swift in Sources */,
			);
			runOnlyForDeploymentPostprocessing = 0;
		};
/* End PBXSourcesBuildPhase section */

/* Begin PBXVariantGroup section */
		3F4D5068207C193000E28253 /* Main.storyboard */ = {
			isa = PBXVariantGroup;
			children = (
				3F4D5069207C193000E28253 /* Base */,
			);
			name = Main.storyboard;
			sourceTree = "<group>";
		};
		3F4D506D207C193000E28253 /* LaunchScreen.storyboard */ = {
			isa = PBXVariantGroup;
			children = (
				3F4D506E207C193000E28253 /* Base */,
			);
			name = LaunchScreen.storyboard;
			sourceTree = "<group>";
		};
/* End PBXVariantGroup section */

/* Begin XCBuildConfiguration section */
		3F4D5071207C193000E28253 /* Debug */ = {
			isa = XCBuildConfiguration;
			buildSettings = {
				ALWAYS_SEARCH_USER_PATHS = NO;
				CLANG_ANALYZER_NONNULL = YES;
				CLANG_ANALYZER_NUMBER_OBJECT_CONVERSION = YES_AGGRESSIVE;
				CLANG_CXX_LANGUAGE_STANDARD = "gnu++14";
				CLANG_CXX_LIBRARY = "libc++";
				CLANG_ENABLE_MODULES = YES;
				CLANG_ENABLE_OBJC_ARC = YES;
				CLANG_WARN_BLOCK_CAPTURE_AUTORELEASING = YES;
				CLANG_WARN_BOOL_CONVERSION = YES;
				CLANG_WARN_COMMA = YES;
				CLANG_WARN_CONSTANT_CONVERSION = YES;
				CLANG_WARN_DIRECT_OBJC_ISA_USAGE = YES_ERROR;
				CLANG_WARN_DOCUMENTATION_COMMENTS = YES;
				CLANG_WARN_EMPTY_BODY = YES;
				CLANG_WARN_ENUM_CONVERSION = YES;
				CLANG_WARN_INFINITE_RECURSION = YES;
				CLANG_WARN_INT_CONVERSION = YES;
				CLANG_WARN_NON_LITERAL_NULL_CONVERSION = YES;
				CLANG_WARN_OBJC_LITERAL_CONVERSION = YES;
				CLANG_WARN_OBJC_ROOT_CLASS = YES_ERROR;
				CLANG_WARN_RANGE_LOOP_ANALYSIS = YES;
				CLANG_WARN_STRICT_PROTOTYPES = YES;
				CLANG_WARN_SUSPICIOUS_MOVE = YES;
				CLANG_WARN_UNGUARDED_AVAILABILITY = YES_AGGRESSIVE;
				CLANG_WARN_UNREACHABLE_CODE = YES;
				CLANG_WARN__DUPLICATE_METHOD_MATCH = YES;
				CODE_SIGN_IDENTITY = "iPhone Developer";
				COPY_PHASE_STRIP = NO;
				DEBUG_INFORMATION_FORMAT = dwarf;
				ENABLE_STRICT_OBJC_MSGSEND = YES;
				ENABLE_TESTABILITY = YES;
				GCC_C_LANGUAGE_STANDARD = gnu11;
				GCC_DYNAMIC_NO_PIC = NO;
				GCC_NO_COMMON_BLOCKS = YES;
				GCC_OPTIMIZATION_LEVEL = 0;
				GCC_PREPROCESSOR_DEFINITIONS = (
					"DEBUG=1",
					"$(inherited)",
				);
				GCC_WARN_64_TO_32_BIT_CONVERSION = YES;
				GCC_WARN_ABOUT_RETURN_TYPE = YES_ERROR;
				GCC_WARN_UNDECLARED_SELECTOR = YES;
				GCC_WARN_UNINITIALIZED_AUTOS = YES_AGGRESSIVE;
				GCC_WARN_UNUSED_FUNCTION = YES;
				GCC_WARN_UNUSED_VARIABLE = YES;
				IPHONEOS_DEPLOYMENT_TARGET = 11.2;
				MTL_ENABLE_DEBUG_INFO = YES;
				ONLY_ACTIVE_ARCH = YES;
				SDKROOT = iphoneos;
				SWIFT_ACTIVE_COMPILATION_CONDITIONS = DEBUG;
				SWIFT_OPTIMIZATION_LEVEL = "-Onone";
			};
			name = Debug;
		};
		3F4D5072207C193000E28253 /* Release */ = {
			isa = XCBuildConfiguration;
			buildSettings = {
				ALWAYS_SEARCH_USER_PATHS = NO;
				CLANG_ANALYZER_NONNULL = YES;
				CLANG_ANALYZER_NUMBER_OBJECT_CONVERSION = YES_AGGRESSIVE;
				CLANG_CXX_LANGUAGE_STANDARD = "gnu++14";
				CLANG_CXX_LIBRARY = "libc++";
				CLANG_ENABLE_MODULES = YES;
				CLANG_ENABLE_OBJC_ARC = YES;
				CLANG_WARN_BLOCK_CAPTURE_AUTORELEASING = YES;
				CLANG_WARN_BOOL_CONVERSION = YES;
				CLANG_WARN_COMMA = YES;
				CLANG_WARN_CONSTANT_CONVERSION = YES;
				CLANG_WARN_DIRECT_OBJC_ISA_USAGE = YES_ERROR;
				CLANG_WARN_DOCUMENTATION_COMMENTS = YES;
				CLANG_WARN_EMPTY_BODY = YES;
				CLANG_WARN_ENUM_CONVERSION = YES;
				CLANG_WARN_INFINITE_RECURSION = YES;
				CLANG_WARN_INT_CONVERSION = YES;
				CLANG_WARN_NON_LITERAL_NULL_CONVERSION = YES;
				CLANG_WARN_OBJC_LITERAL_CONVERSION = YES;
				CLANG_WARN_OBJC_ROOT_CLASS = YES_ERROR;
				CLANG_WARN_RANGE_LOOP_ANALYSIS = YES;
				CLANG_WARN_STRICT_PROTOTYPES = YES;
				CLANG_WARN_SUSPICIOUS_MOVE = YES;
				CLANG_WARN_UNGUARDED_AVAILABILITY = YES_AGGRESSIVE;
				CLANG_WARN_UNREACHABLE_CODE = YES;
				CLANG_WARN__DUPLICATE_METHOD_MATCH = YES;
				CODE_SIGN_IDENTITY = "iPhone Developer";
				COPY_PHASE_STRIP = NO;
				DEBUG_INFORMATION_FORMAT = "dwarf-with-dsym";
				ENABLE_NS_ASSERTIONS = NO;
				ENABLE_STRICT_OBJC_MSGSEND = YES;
				GCC_C_LANGUAGE_STANDARD = gnu11;
				GCC_NO_COMMON_BLOCKS = YES;
				GCC_WARN_64_TO_32_BIT_CONVERSION = YES;
				GCC_WARN_ABOUT_RETURN_TYPE = YES_ERROR;
				GCC_WARN_UNDECLARED_SELECTOR = YES;
				GCC_WARN_UNINITIALIZED_AUTOS = YES_AGGRESSIVE;
				GCC_WARN_UNUSED_FUNCTION = YES;
				GCC_WARN_UNUSED_VARIABLE = YES;
				IPHONEOS_DEPLOYMENT_TARGET = 11.2;
				MTL_ENABLE_DEBUG_INFO = NO;
				SDKROOT = iphoneos;
				SWIFT_OPTIMIZATION_LEVEL = "-Owholemodule";
				VALIDATE_PRODUCT = YES;
			};
			name = Release;
		};
		3F4D5074207C193000E28253 /* Debug */ = {
			isa = XCBuildConfiguration;
			baseConfigurationReference = D34240B25504AA3EC82459CA /* Pods-uTanks.debug.xcconfig */;
			buildSettings = {
				ASSETCATALOG_COMPILER_APPICON_NAME = AppIcon;
				CODE_SIGN_STYLE = Automatic;
				DEVELOPMENT_TEAM = 9DMTK5GKBY;
				INFOPLIST_FILE = uTanks/Info.plist;
				LD_RUNPATH_SEARCH_PATHS = "$(inherited) @executable_path/Frameworks";
				PRODUCT_BUNDLE_IDENTIFIER = com.IrvinDo.uTanks;
				PRODUCT_NAME = "$(TARGET_NAME)";
				SWIFT_VERSION = 4.0;
				TARGETED_DEVICE_FAMILY = "1,2";
			};
			name = Debug;
		};
		3F4D5075207C193000E28253 /* Release */ = {
			isa = XCBuildConfiguration;
			baseConfigurationReference = 66A0055AC10CDC22E5BADC3E /* Pods-uTanks.release.xcconfig */;
			buildSettings = {
				ASSETCATALOG_COMPILER_APPICON_NAME = AppIcon;
				CODE_SIGN_STYLE = Automatic;
				DEVELOPMENT_TEAM = 9DMTK5GKBY;
				INFOPLIST_FILE = uTanks/Info.plist;
				LD_RUNPATH_SEARCH_PATHS = "$(inherited) @executable_path/Frameworks";
				PRODUCT_BUNDLE_IDENTIFIER = com.IrvinDo.uTanks;
				PRODUCT_NAME = "$(TARGET_NAME)";
				SWIFT_VERSION = 4.0;
				TARGETED_DEVICE_FAMILY = "1,2";
			};
			name = Release;
		};
/* End XCBuildConfiguration section */

/* Begin XCConfigurationList section */
		3F4D5056207C192F00E28253 /* Build configuration list for PBXProject "uTanks" */ = {
			isa = XCConfigurationList;
			buildConfigurations = (
				3F4D5071207C193000E28253 /* Debug */,
				3F4D5072207C193000E28253 /* Release */,
			);
			defaultConfigurationIsVisible = 0;
			defaultConfigurationName = Release;
		};
		3F4D5073207C193000E28253 /* Build configuration list for PBXNativeTarget "uTanks" */ = {
			isa = XCConfigurationList;
			buildConfigurations = (
				3F4D5074207C193000E28253 /* Debug */,
				3F4D5075207C193000E28253 /* Release */,
			);
			defaultConfigurationIsVisible = 0;
			defaultConfigurationName = Release;
		};
/* End XCConfigurationList section */
	};
	rootObject = 3F4D5053207C192F00E28253 /* Project object */;
}
